dependencies:
- name: kube-prometheus-stack
  repository: https://prometheus-community.github.io/helm-charts
  version: 88.2.0
- name: prometheus-blackbox-exporter
  repository: https://prometheus-community.github.io/helm-charts
  version: 11.5.0
digest: sha256:b1d8964e57d83b79bb9ff48db8b0c33b5072651aabbffbf31d632a68331bab21
generated: "2026-08-18T12:11:44.349600888+02:00"
